
Microsoft Visual Studio Solution File, Format Version 12.00
# Visual Studio Version 16
VisualStudioVersion = 16.0.30804.86
MinimumVisualStudioVersion = 10.0.40219.1
Project("{9A19103F-16F7-4668-BE54-9A1E7A4F7556}") = "HousesCalradia", "HousesCalradia.csproj", "{14D43CB5-4073-465B-A975-B1935BC2AE25}"
EndProject
Global
	GlobalSection(SolutionConfigurationPlatforms) = preSolution
		Beta_Debug|x64 = Beta_Debug|x64
		Beta_Release|x64 = Beta_Release|x64
		Stable_Debug|x64 = Stable_Debug|x64
		Stable_Release|x64 = Stable_Release|x64
	EndGlobalSection
	GlobalSection(ProjectConfigurationPlatforms) = postSolution
		{14D43CB5-4073-465B-A975-B1935BC2AE25}.Beta_Debug|x64.ActiveCfg = Beta_Debug|x64
		{14D43CB5-4073-465B-A975-B1935BC2AE25}.Beta_Debug|x64.Build.0 = Beta_Debug|x64
		{14D43CB5-4073-465B-A975-B1935BC2AE25}.Beta_Release|x64.ActiveCfg = Beta_Release|x64
		{14D43CB5-4073-465B-A975-B1935BC2AE25}.Beta_Release|x64.Build.0 = Beta_Release|x64
		{14D43CB5-4073-465B-A975-B1935BC2AE25}.Stable_Debug|x64.ActiveCfg = Stable_Debug|x64
		{14D43CB5-4073-465B-A975-B1935BC2AE25}.Stable_Debug|x64.Build.0 = Stable_Debug|x64
		{14D43CB5-4073-465B-A975-B1935BC2AE25}.Stable_Release|x64.ActiveCfg = Stable_Release|x64
		{14D43CB5-4073-465B-A975-B1935BC2AE25}.Stable_Release|x64.Build.0 = Stable_Release|x64
	EndGlobalSection
	GlobalSection(SolutionProperties) = preSolution
		HideSolutionNode = FALSE
	EndGlobalSection
	GlobalSection(ExtensibilityGlobals) = postSolution
		SolutionGuid = {7C6D47DB-D65F-4F4D-82F8-B8D21BF28B55}
	EndGlobalSection
EndGlobal
